
Microsoft Visual Studio Solution File, Format Version 11.00
# Visual Studio 2010
Project("{FAE04EC0-301F-11D3-BF4B-00C04F79EFBC}") = "Assembly-CSharp", "Assembly-CSharp.csproj", "{233baac9-4bdd-18b0-be3a-a78bf8f11ede}"
EndProject
Project("{FAE04EC0-301F-11D3-BF4B-00C04F79EFBC}") = "Assembly-CSharp-firstpass", "Assembly-CSharp-firstpass.csproj", "{0bcbbce7-437c-158a-198b-ee3f5aa11f2e}"
EndProject
Global
	GlobalSection(SolutionConfigurationPlatforms) = preSolution
		Debug|Any CPU = Debug|Any CPU
	EndGlobalSection
	GlobalSection(ProjectConfigurationPlatforms) = postSolution
		{233baac9-4bdd-18b0-be3a-a78bf8f11ede}.Debug|Any CPU.ActiveCfg = Debug|Any CPU
		{233baac9-4bdd-18b0-be3a-a78bf8f11ede}.Debug|Any CPU.Build.0 = Debug|Any CPU
		{0bcbbce7-437c-158a-198b-ee3f5aa11f2e}.Debug|Any CPU.ActiveCfg = Debug|Any CPU
		{0bcbbce7-437c-158a-198b-ee3f5aa11f2e}.Debug|Any CPU.Build.0 = Debug|Any CPU
	EndGlobalSection
	GlobalSection(SolutionProperties) = preSolution
		HideSolutionNode = FALSE
	EndGlobalSection
EndGlobal
